
Microsoft Visual Studio Solution File, Format Version 12.00
# Visual Studio Version 17
VisualStudioVersion = 17.14.36310.24
MinimumVisualStudioVersion = 10.0.40219.1
Project("{FAE04EC0-301F-11D3-BF4B-00C04F79EFBC}") = "VentasSystemAPI", "VentasSystemAPI\VentasSystemAPI.csproj", "{090FDBFF-297B-464D-8261-E55863392CEA}"
EndProject
Project("{FAE04EC0-301F-11D3-BF4B-00C04F79EFBC}") = "TimbradoAPI", "TimbradoAPI\TimbradoAPI.csproj", "{69CBA21B-976B-4CF9-A88E-E61A64F335DC}"
EndProject
Global
	GlobalSection(SolutionConfigurationPlatforms) = preSolution
		Debug|Any CPU = Debug|Any CPU
		Release|Any CPU = Release|Any CPU
	EndGlobalSection
	GlobalSection(ProjectConfigurationPlatforms) = postSolution
		{090FDBFF-297B-464D-8261-E55863392CEA}.Debug|Any CPU.ActiveCfg = Debug|Any CPU
		{090FDBFF-297B-464D-8261-E55863392CEA}.Debug|Any CPU.Build.0 = Debug|Any CPU
		{090FDBFF-297B-464D-8261-E55863392CEA}.Release|Any CPU.ActiveCfg = Release|Any CPU
		{090FDBFF-297B-464D-8261-E55863392CEA}.Release|Any CPU.Build.0 = Release|Any CPU
		{69CBA21B-976B-4CF9-A88E-E61A64F335DC}.Debug|Any CPU.ActiveCfg = Debug|Any CPU
		{69CBA21B-976B-4CF9-A88E-E61A64F335DC}.Debug|Any CPU.Build.0 = Debug|Any CPU
		{69CBA21B-976B-4CF9-A88E-E61A64F335DC}.Release|Any CPU.ActiveCfg = Release|Any CPU
		{69CBA21B-976B-4CF9-A88E-E61A64F335DC}.Release|Any CPU.Build.0 = Release|Any CPU
	EndGlobalSection
	GlobalSection(SolutionProperties) = preSolution
		HideSolutionNode = FALSE
	EndGlobalSection
	GlobalSection(ExtensibilityGlobals) = postSolution
		SolutionGuid = {614630ED-8DCB-4ACF-9200-92887AFB1355}
	EndGlobalSection
EndGlobal
